
Microsoft Visual Studio Solution File, Format Version 12.00
# Visual Studio 2013
VisualStudioVersion = 12.0.30110.0
MinimumVisualStudioVersion = 10.0.40219.1
Project("{8BC9CEB8-8B4A-11D0-8D11-00A0C91BC942}") = "NewConsole", "NewConsole\NewConsole.vcxproj", "{3EBB1AC5-4831-46F0-9EC2-F298DAB0D975}"
EndProject
Project("{8BC9CEB8-8B4A-11D0-8D11-00A0C91BC942}") = "TargetStub", "TargetStub\TargetStub.vcxproj", "{4D461353-AAD2-4227-B670-F55D71C16CDC}"
EndProject
Project("{8BC9CEB8-8B4A-11D0-8D11-00A0C91BC942}") = "TargetStubGen", "TargetStubGen\TargetStubGen.vcxproj", "{9358FB46-27EF-44B1-9692-D463A7091C67}"
EndProject
Global
	GlobalSection(SolutionConfigurationPlatforms) = preSolution
		Debug|Win32 = Debug|Win32
		Debug|x64 = Debug|x64
		Release|Win32 = Release|Win32
		Release|x64 = Release|x64
	EndGlobalSection
	GlobalSection(ProjectConfigurationPlatforms) = postSolution
		{3EBB1AC5-4831-46F0-9EC2-F298DAB0D975}.Debug|Win32.ActiveCfg = Debug|Win32
		{3EBB1AC5-4831-46F0-9EC2-F298DAB0D975}.Debug|Win32.Build.0 = Debug|Win32
		{3EBB1AC5-4831-46F0-9EC2-F298DAB0D975}.Debug|x64.ActiveCfg = Debug|x64
		{3EBB1AC5-4831-46F0-9EC2-F298DAB0D975}.Debug|x64.Build.0 = Debug|x64
		{3EBB1AC5-4831-46F0-9EC2-F298DAB0D975}.Release|Win32.ActiveCfg = Release|Win32
		{3EBB1AC5-4831-46F0-9EC2-F298DAB0D975}.Release|Win32.Build.0 = Release|Win32
		{3EBB1AC5-4831-46F0-9EC2-F298DAB0D975}.Release|x64.ActiveCfg = Release|x64
		{3EBB1AC5-4831-46F0-9EC2-F298DAB0D975}.Release|x64.Build.0 = Release|x64
		{4D461353-AAD2-4227-B670-F55D71C16CDC}.Debug|Win32.ActiveCfg = Debug|Win32
		{4D461353-AAD2-4227-B670-F55D71C16CDC}.Debug|Win32.Build.0 = Debug|Win32
		{4D461353-AAD2-4227-B670-F55D71C16CDC}.Debug|x64.ActiveCfg = Debug|x64
		{4D461353-AAD2-4227-B670-F55D71C16CDC}.Debug|x64.Build.0 = Debug|x64
		{4D461353-AAD2-4227-B670-F55D71C16CDC}.Release|Win32.ActiveCfg = Release|Win32
		{4D461353-AAD2-4227-B670-F55D71C16CDC}.Release|Win32.Build.0 = Release|Win32
		{4D461353-AAD2-4227-B670-F55D71C16CDC}.Release|x64.ActiveCfg = Release|x64
		{4D461353-AAD2-4227-B670-F55D71C16CDC}.Release|x64.Build.0 = Release|x64
		{9358FB46-27EF-44B1-9692-D463A7091C67}.Debug|Win32.ActiveCfg = Debug|Win32
		{9358FB46-27EF-44B1-9692-D463A7091C67}.Debug|Win32.Build.0 = Debug|Win32
		{9358FB46-27EF-44B1-9692-D463A7091C67}.Debug|x64.ActiveCfg = Debug|x64
		{9358FB46-27EF-44B1-9692-D463A7091C67}.Debug|x64.Build.0 = Debug|x64
		{9358FB46-27EF-44B1-9692-D463A7091C67}.Release|Win32.ActiveCfg = Release|Win32
		{9358FB46-27EF-44B1-9692-D463A7091C67}.Release|Win32.Build.0 = Release|Win32
		{9358FB46-27EF-44B1-9692-D463A7091C67}.Release|x64.ActiveCfg = Release|x64
		{9358FB46-27EF-44B1-9692-D463A7091C67}.Release|x64.Build.0 = Release|x64
	EndGlobalSection
	GlobalSection(SolutionProperties) = preSolution
		HideSolutionNode = FALSE
	EndGlobalSection
EndGlobal
